
Microsoft Visual Studio Solution File, Format Version 12.00
# Visual Studio Version 17
VisualStudioVersion = 17.9.34607.119
MinimumVisualStudioVersion = 10.0.40219.1
Project("{2150E333-8FDC-42A3-9474-1A3956D46DE8}") = "src", "src", "{46662FDC-A5E3-4AB4-BBAB-6BAD3D3E9856}"
EndProject
Project("{2150E333-8FDC-42A3-9474-1A3956D46DE8}") = "UI", "UI", "{0829525F-D2B5-4BE1-9160-3BD51982A918}"
EndProject
Project("{2150E333-8FDC-42A3-9474-1A3956D46DE8}") = "Core", "Core", "{EBA550CB-BFDF-4C2E-9A9D-5C81D631427D}"
EndProject
Project("{2150E333-8FDC-42A3-9474-1A3956D46DE8}") = "Infrastructure", "Infrastructure", "{85C5E157-FB4F-4996-96FA-AE8531772D8C}"
EndProject
Project("{2150E333-8FDC-42A3-9474-1A3956D46DE8}") = "API", "API", "{9F86830D-69D9-4D7C-B568-1AAF60D1FAAA}"
EndProject
Project("{9A19103F-16F7-4668-BE54-9A1E7A4F7556}") = "HRKošarka.Domain", "HRKošarka.Domain\HRKošarka.Domain.csproj", "{19EBE15D-F8D3-4C2B-BE0F-461D246DC268}"
EndProject
Project("{9A19103F-16F7-4668-BE54-9A1E7A4F7556}") = "HRKošarka.Application", "HRKošarka.Application\HRKošarka.Application.csproj", "{58AE17C8-427E-4E86-AB4C-38BE5107C42A}"
EndProject
Project("{9A19103F-16F7-4668-BE54-9A1E7A4F7556}") = "HRKošarka.Persistence", "HRKošarka.Persistence\HRKošarka.Persistence.csproj", "{5FFBF447-2B69-49F3-BD5E-8BDD93C8D038}"
EndProject
Project("{9A19103F-16F7-4668-BE54-9A1E7A4F7556}") = "HRKošarka.Infrastructure", "HRKošarka.Infrastructure\HRKošarka.Infrastructure.csproj", "{0FC6BCAE-7955-4842-9ACE-3EDC451EED74}"
EndProject
Project("{9A19103F-16F7-4668-BE54-9A1E7A4F7556}") = "HRKošarka.API", "HRKošarka.API\HRKošarka.API.csproj", "{94F88505-14CF-4595-995E-4688F51A9773}"
EndProject
Project("{9A19103F-16F7-4668-BE54-9A1E7A4F7556}") = "HRKošarka.UI", "HRKošarka.UI\HRKošarka.UI.csproj", "{427861BF-FE9A-438D-B619-F82FA8EC7F64}"
EndProject
Project("{9A19103F-16F7-4668-BE54-9A1E7A4F7556}") = "HRKošarka.Identity", "HRKošarka.Identity\HRKošarka.Identity.csproj", "{B48F8BE6-6272-4681-80FA-8390322F5A57}"
EndProject
Global
	GlobalSection(SolutionConfigurationPlatforms) = preSolution
		Debug|Any CPU = Debug|Any CPU
		Release|Any CPU = Release|Any CPU
	EndGlobalSection
	GlobalSection(ProjectConfigurationPlatforms) = postSolution
		{19EBE15D-F8D3-4C2B-BE0F-461D246DC268}.Debug|Any CPU.ActiveCfg = Debug|Any CPU
		{19EBE15D-F8D3-4C2B-BE0F-461D246DC268}.Debug|Any CPU.Build.0 = Debug|Any CPU
		{19EBE15D-F8D3-4C2B-BE0F-461D246DC268}.Release|Any CPU.ActiveCfg = Release|Any CPU
		{19EBE15D-F8D3-4C2B-BE0F-461D246DC268}.Release|Any CPU.Build.0 = Release|Any CPU
		{58AE17C8-427E-4E86-AB4C-38BE5107C42A}.Debug|Any CPU.ActiveCfg = Debug|Any CPU
		{58AE17C8-427E-4E86-AB4C-38BE5107C42A}.Debug|Any CPU.Build.0 = Debug|Any CPU
		{58AE17C8-427E-4E86-AB4C-38BE5107C42A}.Release|Any CPU.ActiveCfg = Release|Any CPU
		{58AE17C8-427E-4E86-AB4C-38BE5107C42A}.Release|Any CPU.Build.0 = Release|Any CPU
		{5FFBF447-2B69-49F3-BD5E-8BDD93C8D038}.Debug|Any CPU.ActiveCfg = Debug|Any CPU
		{5FFBF447-2B69-49F3-BD5E-8BDD93C8D038}.Debug|Any CPU.Build.0 = Debug|Any CPU
		{5FFBF447-2B69-49F3-BD5E-8BDD93C8D038}.Release|Any CPU.ActiveCfg = Release|Any CPU
		{5FFBF447-2B69-49F3-BD5E-8BDD93C8D038}.Release|Any CPU.Build.0 = Release|Any CPU
		{0FC6BCAE-7955-4842-9ACE-3EDC451EED74}.Debug|Any CPU.ActiveCfg = Debug|Any CPU
		{0FC6BCAE-7955-4842-9ACE-3EDC451EED74}.Debug|Any CPU.Build.0 = Debug|Any CPU
		{0FC6BCAE-7955-4842-9ACE-3EDC451EED74}.Release|Any CPU.ActiveCfg = Release|Any CPU
		{0FC6BCAE-7955-4842-9ACE-3EDC451EED74}.Release|Any CPU.Build.0 = Release|Any CPU
		{94F88505-14CF-4595-995E-4688F51A9773}.Debug|Any CPU.ActiveCfg = Debug|Any CPU
		{94F88505-14CF-4595-995E-4688F51A9773}.Debug|Any CPU.Build.0 = Debug|Any CPU
		{94F88505-14CF-4595-995E-4688F51A9773}.Release|Any CPU.ActiveCfg = Release|Any CPU
		{94F88505-14CF-4595-995E-4688F51A9773}.Release|Any CPU.Build.0 = Release|Any CPU
		{427861BF-FE9A-438D-B619-F82FA8EC7F64}.Debug|Any CPU.ActiveCfg = Debug|Any CPU
		{427861BF-FE9A-438D-B619-F82FA8EC7F64}.Debug|Any CPU.Build.0 = Debug|Any CPU
		{427861BF-FE9A-438D-B619-F82FA8EC7F64}.Release|Any CPU.ActiveCfg = Release|Any CPU
		{427861BF-FE9A-438D-B619-F82FA8EC7F64}.Release|Any CPU.Build.0 = Release|Any CPU
		{B48F8BE6-6272-4681-80FA-8390322F5A57}.Debug|Any CPU.ActiveCfg = Debug|Any CPU
		{B48F8BE6-6272-4681-80FA-8390322F5A57}.Debug|Any CPU.Build.0 = Debug|Any CPU
		{B48F8BE6-6272-4681-80FA-8390322F5A57}.Release|Any CPU.ActiveCfg = Release|Any CPU
		{B48F8BE6-6272-4681-80FA-8390322F5A57}.Release|Any CPU.Build.0 = Release|Any CPU
	EndGlobalSection
	GlobalSection(SolutionProperties) = preSolution
		HideSolutionNode = FALSE
	EndGlobalSection
	GlobalSection(NestedProjects) = preSolution
		{0829525F-D2B5-4BE1-9160-3BD51982A918} = {46662FDC-A5E3-4AB4-BBAB-6BAD3D3E9856}
		{EBA550CB-BFDF-4C2E-9A9D-5C81D631427D} = {46662FDC-A5E3-4AB4-BBAB-6BAD3D3E9856}
		{85C5E157-FB4F-4996-96FA-AE8531772D8C} = {46662FDC-A5E3-4AB4-BBAB-6BAD3D3E9856}
		{9F86830D-69D9-4D7C-B568-1AAF60D1FAAA} = {46662FDC-A5E3-4AB4-BBAB-6BAD3D3E9856}
		{19EBE15D-F8D3-4C2B-BE0F-461D246DC268} = {EBA550CB-BFDF-4C2E-9A9D-5C81D631427D}
		{58AE17C8-427E-4E86-AB4C-38BE5107C42A} = {EBA550CB-BFDF-4C2E-9A9D-5C81D631427D}
		{5FFBF447-2B69-49F3-BD5E-8BDD93C8D038} = {85C5E157-FB4F-4996-96FA-AE8531772D8C}
		{0FC6BCAE-7955-4842-9ACE-3EDC451EED74} = {85C5E157-FB4F-4996-96FA-AE8531772D8C}
		{94F88505-14CF-4595-995E-4688F51A9773} = {9F86830D-69D9-4D7C-B568-1AAF60D1FAAA}
		{427861BF-FE9A-438D-B619-F82FA8EC7F64} = {0829525F-D2B5-4BE1-9160-3BD51982A918}
		{B48F8BE6-6272-4681-80FA-8390322F5A57} = {85C5E157-FB4F-4996-96FA-AE8531772D8C}
	EndGlobalSection
	GlobalSection(ExtensibilityGlobals) = postSolution
		SolutionGuid = {94666EE5-05DA-4DE4-9249-F8A7EB95C1C1}
	EndGlobalSection
EndGlobal
